
Microsoft Visual Studio Solution File, Format Version 12.00
# Visual Studio Version 17
VisualStudioVersion = 17.11.35303.130
MinimumVisualStudioVersion = 10.0.40219.1
Project("{9A19103F-16F7-4668-BE54-9A1E7A4F7556}") = "Talabat.APIs", "Talabat.APIs\Talabat.APIs.csproj", "{4ACB501F-9187-4CE8-A827-5DF2ABC11821}"
EndProject
Project("{FAE04EC0-301F-11D3-BF4B-00C04F79EFBC}") = "Talabat.Core", "Talabat.Core\Talabat.Core.csproj", "{A9F0797E-9391-4707-9B44-D468E2C4685B}"
EndProject
Project("{FAE04EC0-301F-11D3-BF4B-00C04F79EFBC}") = "Talabat.Repository", "Talabat.Repository\Talabat.Repository.csproj", "{964C6A97-1EB2-4F95-A7EF-7B92B87F8270}"
EndProject
Project("{FAE04EC0-301F-11D3-BF4B-00C04F79EFBC}") = "Talabat.Service", "Talabat.Service\Talabat.Service.csproj", "{91AEED11-CB2A-4123-879E-1DE704FDFD4D}"
EndProject
Global
	GlobalSection(SolutionConfigurationPlatforms) = preSolution
		Debug|Any CPU = Debug|Any CPU
		Release|Any CPU = Release|Any CPU
	EndGlobalSection
	GlobalSection(ProjectConfigurationPlatforms) = postSolution
		{4ACB501F-9187-4CE8-A827-5DF2ABC11821}.Debug|Any CPU.ActiveCfg = Debug|Any CPU
		{4ACB501F-9187-4CE8-A827-5DF2ABC11821}.Debug|Any CPU.Build.0 = Debug|Any CPU
		{4ACB501F-9187-4CE8-A827-5DF2ABC11821}.Release|Any CPU.ActiveCfg = Release|Any CPU
		{4ACB501F-9187-4CE8-A827-5DF2ABC11821}.Release|Any CPU.Build.0 = Release|Any CPU
		{A9F0797E-9391-4707-9B44-D468E2C4685B}.Debug|Any CPU.ActiveCfg = Debug|Any CPU
		{A9F0797E-9391-4707-9B44-D468E2C4685B}.Debug|Any CPU.Build.0 = Debug|Any CPU
		{A9F0797E-9391-4707-9B44-D468E2C4685B}.Release|Any CPU.ActiveCfg = Release|Any CPU
		{A9F0797E-9391-4707-9B44-D468E2C4685B}.Release|Any CPU.Build.0 = Release|Any CPU
		{964C6A97-1EB2-4F95-A7EF-7B92B87F8270}.Debug|Any CPU.ActiveCfg = Debug|Any CPU
		{964C6A97-1EB2-4F95-A7EF-7B92B87F8270}.Debug|Any CPU.Build.0 = Debug|Any CPU
		{964C6A97-1EB2-4F95-A7EF-7B92B87F8270}.Release|Any CPU.ActiveCfg = Release|Any CPU
		{964C6A97-1EB2-4F95-A7EF-7B92B87F8270}.Release|Any CPU.Build.0 = Release|Any CPU
		{91AEED11-CB2A-4123-879E-1DE704FDFD4D}.Debug|Any CPU.ActiveCfg = Debug|Any CPU
		{91AEED11-CB2A-4123-879E-1DE704FDFD4D}.Debug|Any CPU.Build.0 = Debug|Any CPU
		{91AEED11-CB2A-4123-879E-1DE704FDFD4D}.Release|Any CPU.ActiveCfg = Release|Any CPU
		{91AEED11-CB2A-4123-879E-1DE704FDFD4D}.Release|Any CPU.Build.0 = Release|Any CPU
	EndGlobalSection
	GlobalSection(SolutionProperties) = preSolution
		HideSolutionNode = FALSE
	EndGlobalSection
	GlobalSection(ExtensibilityGlobals) = postSolution
		SolutionGuid = {67A1B4BF-EFDC-4909-B4AB-7A74F4A757DC}
	EndGlobalSection
EndGlobal
